Microsoft Visual Studio Solution File, Format Version 12.00
# Visual Studio Version 17
VisualStudioVersion = 17.5.2.0
MinimumVisualStudioVersion = 10.0.40219.1
Project("{FAE04EC0-301F-11D3-BF4B-00C04F79EFBC}") = "E-commerce-web-Api-projet-using-Csharp", "E-commerce-web-Api-projet-using-Csharp.csproj", "{52524DA6-A6A9-B84E-4F23-C1508618F570}"
EndProject
Global
	GlobalSection(SolutionConfigurationPlatforms) = preSolution
		Debug|Any CPU = Debug|Any CPU
		Release|Any CPU = Release|Any CPU
	EndGlobalSection
	GlobalSection(ProjectConfigurationPlatforms) = postSolution
		{52524DA6-A6A9-B84E-4F23-C1508618F570}.Debug|Any CPU.ActiveCfg = Debug|Any CPU
		{52524DA6-A6A9-B84E-4F23-C1508618F570}.Debug|Any CPU.Build.0 = Debug|Any CPU
		{52524DA6-A6A9-B84E-4F23-C1508618F570}.Release|Any CPU.ActiveCfg = Release|Any CPU
		{52524DA6-A6A9-B84E-4F23-C1508618F570}.Release|Any CPU.Build.0 = Release|Any CPU
	EndGlobalSection
	GlobalSection(SolutionProperties) = preSolution
		HideSolutionNode = FALSE
	EndGlobalSection
	GlobalSection(ExtensibilityGlobals) = postSolution
		SolutionGuid = {2320DD95-4F61-4FE1-813C-8D08B0D12A7C}
	EndGlobalSection
EndGlobal
